
Microsoft Visual Studio Solution File, Format Version 12.00
# Visual Studio Version 16
VisualStudioVersion = 25.0.1703.8
MinimumVisualStudioVersion = 10.0.40219.1
Project("{FAE04EC0-301F-11D3-BF4B-00C04F79EFBC}") = "src", "src\src.csproj", "{3CE3D260-73B7-41AC-90CF-D8A6E9EA1B74}"
EndProject
Project("{FAE04EC0-301F-11D3-BF4B-00C04F79EFBC}") = "tests", "tests\tests.csproj", "{B1B8ED54-3576-4F75-BC8A-60BBDCB17326}"
EndProject
Global
	GlobalSection(SolutionConfigurationPlatforms) = preSolution
		Debug|Any CPU = Debug|Any CPU
		Release|Any CPU = Release|Any CPU
	EndGlobalSection
	GlobalSection(ProjectConfigurationPlatforms) = postSolution
		{3CE3D260-73B7-41AC-90CF-D8A6E9EA1B74}.Debug|Any CPU.ActiveCfg = Debug|Any CPU
		{3CE3D260-73B7-41AC-90CF-D8A6E9EA1B74}.Debug|Any CPU.Build.0 = Debug|Any CPU
		{3CE3D260-73B7-41AC-90CF-D8A6E9EA1B74}.Release|Any CPU.ActiveCfg = Release|Any CPU
		{3CE3D260-73B7-41AC-90CF-D8A6E9EA1B74}.Release|Any CPU.Build.0 = Release|Any CPU
		{B1B8ED54-3576-4F75-BC8A-60BBDCB17326}.Debug|Any CPU.ActiveCfg = Debug|Any CPU
		{B1B8ED54-3576-4F75-BC8A-60BBDCB17326}.Debug|Any CPU.Build.0 = Debug|Any CPU
		{B1B8ED54-3576-4F75-BC8A-60BBDCB17326}.Release|Any CPU.ActiveCfg = Release|Any CPU
		{B1B8ED54-3576-4F75-BC8A-60BBDCB17326}.Release|Any CPU.Build.0 = Release|Any CPU
	EndGlobalSection
	GlobalSection(SolutionProperties) = preSolution
		HideSolutionNode = FALSE
	EndGlobalSection
	GlobalSection(ExtensibilityGlobals) = postSolution
		SolutionGuid = {458250F1-9C66-442A-A97E-D839D9DA1DDB}
	EndGlobalSection
EndGlobal
